
Microsoft Visual Studio Solution File, Format Version 12.00
# Visual Studio Version 17
VisualStudioVersion = 17.11.35222.181
MinimumVisualStudioVersion = 10.0.40219.1
Project("{FAE04EC0-301F-11D3-BF4B-00C04F79EFBC}") = "malkow1", "malkow1\malkow1.csproj", "{5FB6F8DA-5148-43CC-BBAC-D72561988617}"
EndProject
Global
	GlobalSection(SolutionConfigurationPlatforms) = preSolution
		Debug|Any CPU = Debug|Any CPU
		Release|Any CPU = Release|Any CPU
	EndGlobalSection
	GlobalSection(ProjectConfigurationPlatforms) = postSolution
		{5FB6F8DA-5148-43CC-BBAC-D72561988617}.Debug|Any CPU.ActiveCfg = Debug|Any CPU
		{5FB6F8DA-5148-43CC-BBAC-D72561988617}.Debug|Any CPU.Build.0 = Debug|Any CPU
		{5FB6F8DA-5148-43CC-BBAC-D72561988617}.Release|Any CPU.ActiveCfg = Release|Any CPU
		{5FB6F8DA-5148-43CC-BBAC-D72561988617}.Release|Any CPU.Build.0 = Release|Any CPU
	EndGlobalSection
	GlobalSection(SolutionProperties) = preSolution
		HideSolutionNode = FALSE
	EndGlobalSection
	GlobalSection(ExtensibilityGlobals) = postSolution
		SolutionGuid = {C8328BA0-2C11-4207-A95D-CF4F1B4934AE}
	EndGlobalSection
EndGlobal
